# This file is automatically @generated by Cargo.
# It is not intended for manual editing.
version = 4

[[package]]
name = "otp-core"
version = "0.0.0"

[[package]]
name = "otp-engine"
version = "0.0.0"
dependencies = [
 "otp-core",
 "otp-fares",
 "otp-gtfs",
 "otp-raptor",
 "otp-street",
]

[[package]]
name = "otp-fares"
version = "0.0.0"
dependencies = [
 "otp-core",
 "otp-gtfs",
]

[[package]]
name = "otp-gtfs"
version = "0.0.0"
dependencies = [
 "otp-core",
]

[[package]]
name = "otp-raptor"
version = "0.0.0"
dependencies = [
 "otp-core",
 "otp-gtfs",
]

[[package]]
name = "otp-server"
version = "0.0.0"
dependencies = [
 "otp-core",
 "otp-engine",
]

[[package]]
name = "otp-street"
version = "0.0.0"
dependencies = [
 "otp-core",
]
